{
  "requires": true,
  "lockfileVersion": 1,
  "dependencies": {
    "my-count-to": {
      "version": "1.0.0",
      "resolved": "https://registry.npmjs.org/my-count-to/-/my-count-to-1.0.0.tgz",
      "integrity": "sha512-y5tkurVOat9TClqwXKOADIMapHnK/l0CArIFv2qPsPhzz0/n/Vmg1oY/cg8fbbZul6LAGMZ+B6DQqSDdHMWDWw==",
      "requires": {
        "vue": "^2.5.11"
      }
    },
    "mypridelife": {
      "version": "1.0.0",
      "resolved": "https://registry.npmjs.org/mypridelife/-/mypridelife-1.0.0.tgz",
      "integrity": "sha512-YBH2xteyUHGLJrAWH29QvBVmAdGFg//a7lrm+XWOaj83+c1wg23Srup7dQ4+qK8RRO2XuR5fAnZF9vVUrr+WIw=="
    },
    "vue": {
      "version": "2.6.11",
      "resolved": "https://registry.npmjs.org/vue/-/vue-2.6.11.tgz",
      "integrity": "sha512-VfPwgcGABbGAue9+sfrD4PuwFar7gPb1yl1UK1MwXoQPAw0BKSqWfoYCT/ThFrdEVWoI51dBuyCoiNU9bZDZxQ=="
    },
    "vue-course-title": {
      "version": "1.0.0",
      "resolved": "https://registry.npmjs.org/vue-course-title/-/vue-course-title-1.0.0.tgz",
      "integrity": "sha512-Ul7qMZfrQjW6tBMHWqdc+XtWKlTZ+T+bdf0FDHMaYttvhv1GUsrUBgtaeAgmbshzfiG0M+AMupr4qajEK8Jp4A==",
      "requires": {
        "vue": "^2.5.11"
      }
    }
  }
}
