# THIS IS AN AUTOGENERATED FILE. DO NOT EDIT THIS FILE DIRECTLY.
# yarn lockfile v1


"@koimy/rn-file-upload@latest":
  version "1.0.3"
  resolved "https://registry.yarnpkg.com/@koimy/rn-file-upload/-/rn-file-upload-1.0.3.tgz#8c6939b5ce219e451bf4b1f54e4e59429efb5374"
  integrity sha512-NIUCvXZIIBd4uWKBaL3fjFvQEkrREvf6ltFCNSHGZnunadoi8mLQFInypfi/hYNEy3HJU+oibaMTAKduLxRSew==
  dependencies:
    react-native-fs "^2.16.6"
    react-native-permissions "^2.1.5"

"@koimy/rn-image-picker@latest":
  version "1.0.2"
  resolved "https://registry.yarnpkg.com/@koimy/rn-image-picker/-/rn-image-picker-1.0.2.tgz#44ef2bbfe97f2a4759077a8cee28984cd06fbb61"
  integrity sha512-kFXl2SNIK3YCNRAxw20n6S2nnasrbY8pMJYBUo+2a678zxBSNHDi/1KF8OxGGMBCYWV4XBLQtnMhq644nA3WDg==
  dependencies:
    react-native-image-crop-picker "^0.32.2"

"@koimy/rnw-image-upload@^1.0.5":
  version "1.0.5"
  resolved "https://registry.yarnpkg.com/@koimy/rnw-image-upload/-/rnw-image-upload-1.0.5.tgz#3ad0f0a29d9eb7cb305de4c2e8fddad31d97434f"
  integrity sha512-1dZpEKOvLXn1xGmtfwAG979RQrmKAqxj24ALOQuU68Op2IyRcLSwc1z+4omK2wUaYBMK9XqvFLKxADfS295kig==
  dependencies:
    "@koimy/rn-file-upload" latest
    "@koimy/rn-image-picker" latest

base-64@^0.1.0:
  version "0.1.0"
  resolved "https://registry.yarnpkg.com/base-64/-/base-64-0.1.0.tgz#780a99c84e7d600260361511c4877613bf24f6bb"
  integrity sha1-eAqZyE59YAJgNhURxId2E78k9rs=

react-native-fs@^2.16.6:
  version "2.16.6"
  resolved "https://registry.yarnpkg.com/react-native-fs/-/react-native-fs-2.16.6.tgz#2901789a43210a35a0ef0a098019bbef3af395fd"
  integrity sha512-ZWOooD1AuFoAGY3HS2GY7Qx2LZo4oIg6AK0wbC68detxwvX75R/q9lRqThXNKP6vIo2VHWa0fYUo/SrLw80E8w==
  dependencies:
    base-64 "^0.1.0"
    utf8 "^3.0.0"

react-native-image-crop-picker@^0.32.2:
  version "0.32.2"
  resolved "https://registry.yarnpkg.com/react-native-image-crop-picker/-/react-native-image-crop-picker-0.32.2.tgz#862bddc99f7a8e17b7f584846a0c46bfad233917"
  integrity sha512-x1rwdpVKL6v1AY38rLNYUkLEJIxOK/3C8ipmNbcYFUKunVcmsEvhGLX2ll9kMjp/q+vGOmx4YO38eGp0axYoxg==

react-native-permissions@^2.1.5:
  version "2.1.5"
  resolved "https://registry.yarnpkg.com/react-native-permissions/-/react-native-permissions-2.1.5.tgz#6cfc4f1ab1590f4952299b7cdc9698525ad540e0"
  integrity sha512-b9KO/4UEV9qddl+kcSybmdk8nlAifclSDBR2rSvc5KZM06vIaJWJNIzK2ZwPXqDQ5yD3CJLuKTRj7Fz+jM9qyQ==

utf8@^3.0.0:
  version "3.0.0"
  resolved "https://registry.yarnpkg.com/utf8/-/utf8-3.0.0.tgz#f052eed1364d696e769ef058b183df88c87f69d1"
  integrity sha512-E8VjFIQ/TyQgp+TZfS6l8yp/xWppSAHzidGiRrqe4bK4XP9pTRyKFgGJpO3SN7zdX4DeomTrwaseCHovfpFcqQ==
