{
  "name": "demo_2021",
  "lockfileVersion": 2,
  "requires": true,
  "packages": {
    "": {
      "dependencies": {
        "vue-numeric-input": "^1.0.6"
      }
    },
    "node_modules/vue-numeric-input": {
      "version": "1.0.6",
      "resolved": "https://registry.npmjs.org/vue-numeric-input/-/vue-numeric-input-1.0.6.tgz",
      "integrity": "sha512-i1wKbUOx+IuTtwD2ahc44QC02YCBBM9qULFjOS4c99GqxVIrS2+Gf079Z4FAM6zqunIhAxFYWr75jJ/ySc5QnA==",
      "engines": {
        "node": ">= 6.0.0",
        "npm": ">= 3.0.0"
      }
    }
  },
  "dependencies": {
    "vue-numeric-input": {
      "version": "1.0.6",
      "resolved": "https://registry.npmjs.org/vue-numeric-input/-/vue-numeric-input-1.0.6.tgz",
      "integrity": "sha512-i1wKbUOx+IuTtwD2ahc44QC02YCBBM9qULFjOS4c99GqxVIrS2+Gf079Z4FAM6zqunIhAxFYWr75jJ/ySc5QnA=="
    }
  }
}
